// !$*UTF8*$!
{
	archiveVersion = 1;
	classes = {
	};
	objectVersion = 56;
	objects = {

/* Begin PBXBuildFile section */
		63E360A529D5F0AC00A312C4 /* AppDelegate.swift in Sources */ = {isa = PBXBuildFile; fileRef = 63E360A429D5F0AC00A312C4 /* AppDelegate.swift */; };
		63E360A729D5F0AC00A312C4 /* SceneDelegate.swift in Sources */ = {isa = PBXBuildFile; fileRef = 63E360A629D5F0AC00A312C4 /* SceneDelegate.swift */; };
		63E360A929D5F0AC00A312C4 /* ViewController.swift in Sources */ = {isa = PBXBuildFile; fileRef = 63E360A829D5F0AC00A312C4 /* ViewController.swift */; };
		63E360AC29D5F0AC00A312C4 /* Main.storyboard in Resources */ = {isa = PBXBuildFile; fileRef = 63E360AA29D5F0AC00A312C4 /* Main.storyboard */; };
		63E360AF29D5F0AC00A312C4 /* Example.xcdatamodeld in Sources */ = {isa = PBXBuildFile; fileRef = 63E360AD29D5F0AC00A312C4 /* Example.xcdatamodeld */; };
		63E360B129D5F0AE00A312C4 /* Assets.xcassets in Resources */ = {isa = PBXBuildFile; fileRef = 63E360B029D5F0AE00A312C4 /* Assets.xcassets */; };
		63E360B429D5F0AE00A312C4 /* LaunchScreen.storyboard in Resources */ = {isa = PBXBuildFile; fileRef = 63E360B229D5F0AE00A312C4 /* LaunchScreen.storyboard */; };
		63E360BF29D5F0AE00A312C4 /* ExampleTests.swift in Sources */ = {isa = PBXBuildFile; fileRef = 63E360BE29D5F0AE00A312C4 /* ExampleTests.swift */; };
		63E360C929D5F0AE00A312C4 /* ExampleUITests.swift in Sources */ = {isa = PBXBuildFile; fileRef = 63E360C829D5F0AE00A312C4 /* ExampleUITests.swift */; };
		63E360CB29D5F0AE00A312C4 /* ExampleUITestsLaunchTests.swift in Sources */ = {isa = PBXBuildFile; fileRef = 63E360CA29D5F0AE00A312C4 /* ExampleUITestsLaunchTests.swift */; };
/* End PBXBuildFile section */

/* Begin PBXContainerItemProxy section */
		63E360BB29D5F0AE00A312C4 /* PBXContainerItemProxy */ = {
			isa = PBXContainerItemProxy;
			containerPortal = 63E3609929D5F0AC00A312C4 /* Project object */;
			proxyType = 1;
			remoteGlobalIDString = 63E360A029D5F0AC00A312C4;
			remoteInfo = Example;
		};
		63E360C529D5F0AE00A312C4 /* PBXContainerItemProxy */ = {
			isa = PBXContainerItemProxy;
			containerPortal = 63E3609929D5F0AC00A312C4 /* Project object */;
			proxyType = 1;
			remoteGlobalIDString = 63E360A029D5F0AC00A312C4;
			remoteInfo = Example;
		};
/* End PBXContainerItemProxy section */

/* Begin PBXFileReference section */
		63E360A129D5F0AC00A312C4 /* Example.app */ = {isa = PBXFileReference; explicitFileType = wrapper.application; includeInIndex = 0; path = Example.app; sourceTree = BUILT_PRODUCTS_DIR; };
		63E360A429D5F0AC00A312C4 /* AppDelegate.swift */ = {isa = PBXFileReference; lastKnownFileType = sourcecode.swift; path = AppDelegate.swift; sourceTree = "<group>"; };
		63E360A629D5F0AC00A312C4 /* SceneDelegate.swift */ = {isa = PBXFileReference; lastKnownFileType = sourcecode.swift; path = SceneDelegate.swift; sourceTree = "<group>"; };
		63E360A829D5F0AC00A312C4 /* ViewController.swift */ = {isa = PBXFileReference; lastKnownFileType = sourcecode.swift; path = ViewController.swift; sourceTree = "<group>"; };
		63E360AB29D5F0AC00A312C4 /* Base */ = {isa = PBXFileReference; lastKnownFileType = file.storyboard; name = Base; path = Base.lproj/Main.storyboard; sourceTree = "<group>"; };
		63E360AE29D5F0AC00A312C4 /* Example.xcdatamodel */ = {isa = PBXFileReference; lastKnownFileType = wrapper.xcdatamodel; path = Example.xcdatamodel; sourceTree = "<group>"; };
		63E360B029D5F0AE00A312C4 /* Assets.xcassets */ = {isa = PBXFileReference; lastKnownFileType = folder.assetcatalog; path = Assets.xcassets; sourceTree = "<group>"; };
		63E360B329D5F0AE00A312C4 /* Base */ = {isa = PBXFileReference; lastKnownFileType = file.storyboard; name = Base; path = Base.lproj/LaunchScreen.storyboard; sourceTree = "<group>"; };
		63E360B529D5F0AE00A312C4 /* Info.plist */ = {isa = PBXFileReference; lastKnownFileType = text.plist.xml; path = Info.plist; sourceTree = "<group>"; };
		63E360BA29D5F0AE00A312C4 /* ExampleTests.xctest */ = {isa = PBXFileReference; explicitFileType = wrapper.cfbundle; includeInIndex = 0; path = ExampleTests.xctest; sourceTree = BUILT_PRODUCTS_DIR; };
		63E360BE29D5F0AE00A312C4 /* ExampleTests.swift */ = {isa = PBXFileReference; lastKnownFileType = sourcecode.swift; path = ExampleTests.swift; sourceTree = "<group>"; };
		63E360C429D5F0AE00A312C4 /* ExampleUITests.xctest */ = {isa = PBXFileReference; explicitFileType = wrapper.cfbundle; includeInIndex = 0; path = ExampleUITests.xctest; sourceTree = BUILT_PRODUCTS_DIR; };
		63E360C829D5F0AE00A312C4 /* ExampleUITests.swift */ = {isa = PBXFileReference; lastKnownFileType = sourcecode.swift; path = ExampleUITests.swift; sourceTree = "<group>"; };
		63E360CA29D5F0AE00A312C4 /* ExampleUITestsLaunchTests.swift */ = {isa = PBXFileReference; lastKnownFileType = sourcecode.swift; path = ExampleUITestsLaunchTests.swift; sourceTree = "<group>"; };
/* End PBXFileReference section */

/* Begin PBXFrameworksBuildPhase section */
		63E3609E29D5F0AC00A312C4 /* Frameworks */ = {
			isa = PBXFrameworksBuildPhase;
			buildActionMask = 2147483647;
			files = (
			);
			runOnlyForDeploymentPostprocessing = 0;
		};
		63E360B729D5F0AE00A312C4 /* Frameworks */ = {
			isa = PBXFrameworksBuildPhase;
			buildActionMask = 2147483647;
			files = (
			);
			runOnlyForDeploymentPostprocessing = 0;
		};
		63E360C129D5F0AE00A312C4 /* Frameworks */ = {
			isa = PBXFrameworksBuildPhase;
			buildActionMask = 2147483647;
			files = (
			);
			runOnlyForDeploymentPostprocessing = 0;
		};
/* End PBXFrameworksBuildPhase section */

/* Begin PBXGroup section */
		63E3609829D5F0AC00A312C4 = {
			isa = PBXGroup;
			children = (
				63E360A329D5F0AC00A312C4 /* Example */,
				63E360BD29D5F0AE00A312C4 /* ExampleTests */,
				63E360C729D5F0AE00A312C4 /* ExampleUITests */,
				63E360A229D5F0AC00A312C4 /* Products */,
			);
			sourceTree = "<group>";
		};
		63E360A229D5F0AC00A312C4 /* Products */ = {
			isa = PBXGroup;
			children = (
				63E360A129D5F0AC00A312C4 /* Example.app */,
				63E360BA29D5F0AE00A312C4 /* ExampleTests.xctest */,
				63E360C429D5F0AE00A312C4 /* ExampleUITests.xctest */,
			);
			name = Products;
			sourceTree = "<group>";
		};
		63E360A329D5F0AC00A312C4 /* Example */ = {
			isa = PBXGroup;
			children = (
				63E360A429D5F0AC00A312C4 /* AppDelegate.swift */,
				63E360A629D5F0AC00A312C4 /* SceneDelegate.swift */,
				63E360A829D5F0AC00A312C4 /* ViewController.swift */,
				63E360AA29D5F0AC00A312C4 /* Main.storyboard */,
				63E360B029D5F0AE00A312C4 /* Assets.xcassets */,
				63E360B229D5F0AE00A312C4 /* LaunchScreen.storyboard */,
				63E360B529D5F0AE00A312C4 /* Info.plist */,
				63E360AD29D5F0AC00A312C4 /* Example.xcdatamodeld */,
			);
			path = Example;
			sourceTree = "<group>";
		};
		63E360BD29D5F0AE00A312C4 /* ExampleTests */ = {
			isa = PBXGroup;
			children = (
				63E360BE29D5F0AE00A312C4 /* ExampleTests.swift */,
			);
			path = ExampleTests;
			sourceTree = "<group>";
		};
		63E360C729D5F0AE00A312C4 /* ExampleUITests */ = {
			isa = PBXGroup;
			children = (
				63E360C829D5F0AE00A312C4 /* ExampleUITests.swift */,
				63E360CA29D5F0AE00A312C4 /* ExampleUITestsLaunchTests.swift */,
			);
			path = ExampleUITests;
			sourceTree = "<group>";
		};
/* End PBXGroup section */

/* Begin PBXNativeTarget section */
		63E360A029D5F0AC00A312C4 /* Example */ = {
			isa = PBXNativeTarget;
			buildConfigurationList = 63E360CE29D5F0AE00A312C4 /* Build configuration list for PBXNativeTarget "Example" */;
			buildPhases = (
				63E3609D29D5F0AC00A312C4 /* Sources */,
				63E3609E29D5F0AC00A312C4 /* Frameworks */,
				63E3609F29D5F0AC00A312C4 /* Resources */,
			);
			buildRules = (
			);
			dependencies = (
			);
			name = Example;
			productName = Example;
			productReference = 63E360A129D5F0AC00A312C4 /* Example.app */;
			productType = "com.apple.product-type.application";
		};
		63E360B929D5F0AE00A312C4 /* ExampleTests */ = {
			isa = PBXNativeTarget;
			buildConfigurationList = 63E360D129D5F0AE00A312C4 /* Build configuration list for PBXNativeTarget "ExampleTests" */;
			buildPhases = (
				63E360B629D5F0AE00A312C4 /* Sources */,
				63E360B729D5F0AE00A312C4 /* Frameworks */,
				63E360B829D5F0AE00A312C4 /* Resources */,
			);
			buildRules = (
			);
			dependencies = (
				63E360BC29D5F0AE00A312C4 /* PBXTargetDependency */,
			);
			name = ExampleTests;
			productName = ExampleTests;
			productReference = 63E360BA29D5F0AE00A312C4 /* ExampleTests.xctest */;
			productType = "com.apple.product-type.bundle.unit-test";
		};
		63E360C329D5F0AE00A312C4 /* ExampleUITests */ = {
			isa = PBXNativeTarget;
			buildConfigurationList = 63E360D429D5F0AE00A312C4 /* Build configuration list for PBXNativeTarget "ExampleUITests" */;
			buildPhases = (
				63E360C029D5F0AE00A312C4 /* Sources */,
				63E360C129D5F0AE00A312C4 /* Frameworks */,
				63E360C229D5F0AE00A312C4 /* Resources */,
			);
			buildRules = (
			);
			dependencies = (
				63E360C629D5F0AE00A312C4 /* PBXTargetDependency */,
			);
			name = ExampleUITests;
			productName = ExampleUITests;
			productReference = 63E360C429D5F0AE00A312C4 /* ExampleUITests.xctest */;
			productType = "com.apple.product-type.bundle.ui-testing";
		};
/* End PBXNativeTarget section */

/* Begin PBXProject section */
		63E3609929D5F0AC00A312C4 /* Project object */ = {
			isa = PBXProject;
			attributes = {
				BuildIndependentTargetsInParallel = 1;
				LastSwiftUpdateCheck = 1420;
				LastUpgradeCheck = 1420;
				TargetAttributes = {
					63E360A029D5F0AC00A312C4 = {
						CreatedOnToolsVersion = 14.2;
					};
					63E360B929D5F0AE00A312C4 = {
						CreatedOnToolsVersion = 14.2;
						TestTargetID = 63E360A029D5F0AC00A312C4;
					};
					63E360C329D5F0AE00A312C4 = {
						CreatedOnToolsVersion = 14.2;
						TestTargetID = 63E360A029D5F0AC00A312C4;
					};
				};
			};
			buildConfigurationList = 63E3609C29D5F0AC00A312C4 /* Build configuration list for PBXProject "Example" */;
			compatibilityVersion = "Xcode 14.0";
			developmentRegion = en;
			hasScannedForEncodings = 0;
			knownRegions = (
				en,
				Base,
			);
			mainGroup = 63E3609829D5F0AC00A312C4;
			productRefGroup = 63E360A229D5F0AC00A312C4 /* Products */;
			projectDirPath = "";
			projectRoot = "";
			targets = (
				63E360A029D5F0AC00A312C4 /* Example */,
				63E360B929D5F0AE00A312C4 /* ExampleTests */,
				63E360C329D5F0AE00A312C4 /* ExampleUITests */,
			);
		};
/* End PBXProject section */

/* Begin PBXResourcesBuildPhase section */
		63E3609F29D5F0AC00A312C4 /* Resources */ = {
			isa = PBXResourcesBuildPhase;
			buildActionMask = 2147483647;
			files = (
				63E360B429D5F0AE00A312C4 /* LaunchScreen.storyboard in Resources */,
				63E360B129D5F0AE00A312C4 /* Assets.xcassets in Resources */,
				63E360AC29D5F0AC00A312C4 /* Main.storyboard in Resources */,
			);
			runOnlyForDeploymentPostprocessing = 0;
		};
		63E360B829D5F0AE00A312C4 /* Resources */ = {
			isa = PBXResourcesBuildPhase;
			buildActionMask = 2147483647;
			files = (
			);
			runOnlyForDeploymentPostprocessing = 0;
		};
		63E360C229D5F0AE00A312C4 /* Resources */ = {
			isa = PBXResourcesBuildPhase;
			buildActionMask = 2147483647;
			files = (
			);
			runOnlyForDeploymentPostprocessing = 0;
		};
/* End PBXResourcesBuildPhase section */

/* Begin PBXSourcesBuildPhase section */
		63E3609D29D5F0AC00A312C4 /* Sources */ = {
			isa = PBXSourcesBuildPhase;
			buildActionMask = 2147483647;
			files = (
				63E360AF29D5F0AC00A312C4 /* Example.xcdatamodeld in Sources */,
				63E360A929D5F0AC00A312C4 /* ViewController.swift in Sources */,
				63E360A529D5F0AC00A312C4 /* AppDelegate.swift in Sources */,
				63E360A729D5F0AC00A312C4 /* SceneDelegate.swift in Sources */,
			);
			runOnlyForDeploymentPostprocessing = 0;
		};
		63E360B629D5F0AE00A312C4 /* Sources */ = {
			isa = PBXSourcesBuildPhase;
			buildActionMask = 2147483647;
			files = (
				63E360BF29D5F0AE00A312C4 /* ExampleTests.swift in Sources */,
			);
			runOnlyForDeploymentPostprocessing = 0;
		};
		63E360C029D5F0AE00A312C4 /* Sources */ = {
			isa = PBXSourcesBuildPhase;
			buildActionMask = 2147483647;
			files = (
				63E360C929D5F0AE00A312C4 /* ExampleUITests.swift in Sources */,
				63E360CB29D5F0AE00A312C4 /* ExampleUITestsLaunchTests.swift in Sources */,
			);
			runOnlyForDeploymentPostprocessing = 0;
		};
/* End PBXSourcesBuildPhase section */

/* Begin PBXTargetDependency section */
		63E360BC29D5F0AE00A312C4 /* PBXTargetDependency */ = {
			isa = PBXTargetDependency;
			target = 63E360A029D5F0AC00A312C4 /* Example */;
			targetProxy = 63E360BB29D5F0AE00A312C4 /* PBXContainerItemProxy */;
		};
		63E360C629D5F0AE00A312C4 /* PBXTargetDependency */ = {
			isa = PBXTargetDependency;
			target = 63E360A029D5F0AC00A312C4 /* Example */;
			targetProxy = 63E360C529D5F0AE00A312C4 /* PBXContainerItemProxy */;
		};
/* End PBXTargetDependency section */

/* Begin PBXVariantGroup section */
		63E360AA29D5F0AC00A312C4 /* Main.storyboard */ = {
			isa = PBXVariantGroup;
			children = (
				63E360AB29D5F0AC00A312C4 /* Base */,
			);
			name = Main.storyboard;
			sourceTree = "<group>";
		};
		63E360B229D5F0AE00A312C4 /* LaunchScreen.storyboard */ = {
			isa = PBXVariantGroup;
			children = (
				63E360B329D5F0AE00A312C4 /* Base */,
			);
			name = LaunchScreen.storyboard;
			sourceTree = "<group>";
		};
/* End PBXVariantGroup section */

/* Begin XCBuildConfiguration section */
		63E360CC29D5F0AE00A312C4 /* Debug */ = {
			isa = XCBuildConfiguration;
			buildSettings = {
				ALWAYS_SEARCH_USER_PATHS = NO;
				CLANG_ANALYZER_NONNULL = YES;
				CLANG_ANALYZER_NUMBER_OBJECT_CONVERSION = YES_AGGRESSIVE;
				CLANG_CXX_LANGUAGE_STANDARD = "gnu++20";
				CLANG_ENABLE_MODULES = YES;
				CLANG_ENABLE_OBJC_ARC = YES;
				CLANG_ENABLE_OBJC_WEAK = YES;
				CLANG_WARN_BLOCK_CAPTURE_AUTORELEASING = YES;
				CLANG_WARN_BOOL_CONVERSION = YES;
				CLANG_WARN_COMMA = YES;
				CLANG_WARN_CONSTANT_CONVERSION = YES;
				CLANG_WARN_DEPRECATED_OBJC_IMPLEMENTATIONS = YES;
				CLANG_WARN_DIRECT_OBJC_ISA_USAGE = YES_ERROR;
				CLANG_WARN_DOCUMENTATION_COMMENTS = YES;
				CLANG_WARN_EMPTY_BODY = YES;
				CLANG_WARN_ENUM_CONVERSION = YES;
				CLANG_WARN_INFINITE_RECURSION = YES;
				CLANG_WARN_INT_CONVERSION = YES;
				CLANG_WARN_NON_LITERAL_NULL_CONVERSION = YES;
				CLANG_WARN_OBJC_IMPLICIT_RETAIN_SELF = YES;
				CLANG_WARN_OBJC_LITERAL_CONVERSION = YES;
				CLANG_WARN_OBJC_ROOT_CLASS = YES_ERROR;
				CLANG_WARN_QUOTED_INCLUDE_IN_FRAMEWORK_HEADER = YES;
				CLANG_WARN_RANGE_LOOP_ANALYSIS = YES;
				CLANG_WARN_STRICT_PROTOTYPES = YES;
				CLANG_WARN_SUSPICIOUS_MOVE = YES;
				CLANG_WARN_UNGUARDED_AVAILABILITY = YES_AGGRESSIVE;
				CLANG_WARN_UNREACHABLE_CODE = YES;
				CLANG_WARN__DUPLICATE_METHOD_MATCH = YES;
				COPY_PHASE_STRIP = NO;
				DEBUG_INFORMATION_FORMAT = dwarf;
				ENABLE_STRICT_OBJC_MSGSEND = YES;
				ENABLE_TESTABILITY = YES;
				GCC_C_LANGUAGE_STANDARD = gnu11;
				GCC_DYNAMIC_NO_PIC = NO;
				GCC_NO_COMMON_BLOCKS = YES;
				GCC_OPTIMIZATION_LEVEL = 0;
				GCC_PREPROCESSOR_DEFINITIONS = (
					"DEBUG=1",
					"$(inherited)",
				);
				GCC_WARN_64_TO_32_BIT_CONVERSION = YES;
				GCC_WARN_ABOUT_RETURN_TYPE = YES_ERROR;
				GCC_WARN_UNDECLARED_SELECTOR = YES;
				GCC_WARN_UNINITIALIZED_AUTOS = YES_AGGRESSIVE;
				GCC_WARN_UNUSED_FUNCTION = YES;
				GCC_WARN_UNUSED_VARIABLE = YES;
				IPHONEOS_DEPLOYMENT_TARGET = 16.2;
				MTL_ENABLE_DEBUG_INFO = INCLUDE_SOURCE;
				MTL_FAST_MATH = YES;
				ONLY_ACTIVE_ARCH = YES;
				SDKROOT = iphoneos;
				SWIFT_ACTIVE_COMPILATION_CONDITIONS = DEBUG;
				SWIFT_OPTIMIZATION_LEVEL = "-Onone";
			};
			name = Debug;
		};
		63E360CD29D5F0AE00A312C4 /* Release */ = {
			isa = XCBuildConfiguration;
			buildSettings = {
				ALWAYS_SEARCH_USER_PATHS = NO;
				CLANG_ANALYZER_NONNULL = YES;
				CLANG_ANALYZER_NUMBER_OBJECT_CONVERSION = YES_AGGRESSIVE;
				CLANG_CXX_LANGUAGE_STANDARD = "gnu++20";
				CLANG_ENABLE_MODULES = YES;
				CLANG_ENABLE_OBJC_ARC = YES;
				CLANG_ENABLE_OBJC_WEAK = YES;
				CLANG_WARN_BLOCK_CAPTURE_AUTORELEASING = YES;
				CLANG_WARN_BOOL_CONVERSION = YES;
				CLANG_WARN_COMMA = YES;
				CLANG_WARN_CONSTANT_CONVERSION = YES;
				CLANG_WARN_DEPRECATED_OBJC_IMPLEMENTATIONS = YES;
				CLANG_WARN_DIRECT_OBJC_ISA_USAGE = YES_ERROR;
				CLANG_WARN_DOCUMENTATION_COMMENTS = YES;
				CLANG_WARN_EMPTY_BODY = YES;
				CLANG_WARN_ENUM_CONVERSION = YES;
				CLANG_WARN_INFINITE_RECURSION = YES;
				CLANG_WARN_INT_CONVERSION = YES;
				CLANG_WARN_NON_LITERAL_NULL_CONVERSION = YES;
				CLANG_WARN_OBJC_IMPLICIT_RETAIN_SELF = YES;
				CLANG_WARN_OBJC_LITERAL_CONVERSION = YES;
				CLANG_WARN_OBJC_ROOT_CLASS = YES_ERROR;
				CLANG_WARN_QUOTED_INCLUDE_IN_FRAMEWORK_HEADER = YES;
				CLANG_WARN_RANGE_LOOP_ANALYSIS = YES;
				CLANG_WARN_STRICT_PROTOTYPES = YES;
				CLANG_WARN_SUSPICIOUS_MOVE = YES;
				CLANG_WARN_UNGUARDED_AVAILABILITY = YES_AGGRESSIVE;
				CLANG_WARN_UNREACHABLE_CODE = YES;
				CLANG_WARN__DUPLICATE_METHOD_MATCH = YES;
				COPY_PHASE_STRIP = NO;
				DEBUG_INFORMATION_FORMAT = "dwarf-with-dsym";
				ENABLE_NS_ASSERTIONS = NO;
				ENABLE_STRICT_OBJC_MSGSEND = YES;
				GCC_C_LANGUAGE_STANDARD = gnu11;
				GCC_NO_COMMON_BLOCKS = YES;
				GCC_WARN_64_TO_32_BIT_CONVERSION = YES;
				GCC_WARN_ABOUT_RETURN_TYPE = YES_ERROR;
				GCC_WARN_UNDECLARED_SELECTOR = YES;
				GCC_WARN_UNINITIALIZED_AUTOS = YES_AGGRESSIVE;
				GCC_WARN_UNUSED_FUNCTION = YES;
				GCC_WARN_UNUSED_VARIABLE = YES;
				IPHONEOS_DEPLOYMENT_TARGET = 16.2;
				MTL_ENABLE_DEBUG_INFO = NO;
				MTL_FAST_MATH = YES;
				SDKROOT = iphoneos;
				SWIFT_COMPILATION_MODE = wholemodule;
				SWIFT_OPTIMIZATION_LEVEL = "-O";
				VALIDATE_PRODUCT = YES;
			};
			name = Release;
		};
		63E360CF29D5F0AE00A312C4 /* Debug */ = {
			isa = XCBuildConfiguration;
			buildSettings = {
				ASSETCATALOG_COMPILER_APPICON_NAME = AppIcon;
				ASSETCATALOG_COMPILER_GLOBAL_ACCENT_COLOR_NAME = AccentColor;
				CODE_SIGN_STYLE = Automatic;
				CURRENT_PROJECT_VERSION = 1;
				GENERATE_INFOPLIST_FILE = YES;
				INFOPLIST_FILE = Example/Info.plist;
				INFOPLIST_KEY_UIApplicationSupportsIndirectInputEvents = YES;
				INFOPLIST_KEY_UILaunchStoryboardName = LaunchScreen;
				INFOPLIST_KEY_UIMainStoryboardFile = Main;
				INFOPLIST_KEY_UISupportedInterfaceOrientations_iPad = "UIInterfaceOrientationPortrait UIInterfaceOrientationPortraitUpsideDown UIInterfaceOrientationLandscapeLeft UIInterfaceOrientationLandscapeRight";
				INFOPLIST_KEY_UISupportedInterfaceOrientations_iPhone = "UIInterfaceOrientationPortrait UIInterfaceOrientationLandscapeLeft UIInterfaceOrientationLandscapeRight";
				LD_RUNPATH_SEARCH_PATHS = (
					"$(inherited)",
					"@executable_path/Frameworks",
				);
				MARKETING_VERSION = 1.0;
				PRODUCT_BUNDLE_IDENTIFIER = NSLyapustin.Example;
				PRODUCT_NAME = "$(TARGET_NAME)";
				SWIFT_EMIT_LOC_STRINGS = YES;
				SWIFT_VERSION = 5.0;
				TARGETED_DEVICE_FAMILY = "1,2";
			};
			name = Debug;
		};
		63E360D029D5F0AE00A312C4 /* Release */ = {
			isa = XCBuildConfiguration;
			buildSettings = {
				ASSETCATALOG_COMPILER_APPICON_NAME = AppIcon;
				ASSETCATALOG_COMPILER_GLOBAL_ACCENT_COLOR_NAME = AccentColor;
				CODE_SIGN_STYLE = Automatic;
				CURRENT_PROJECT_VERSION = 1;
				GENERATE_INFOPLIST_FILE = YES;
				INFOPLIST_FILE = Example/Info.plist;
				INFOPLIST_KEY_UIApplicationSupportsIndirectInputEvents = YES;
				INFOPLIST_KEY_UILaunchStoryboardName = LaunchScreen;
				INFOPLIST_KEY_UIMainStoryboardFile = Main;
				INFOPLIST_KEY_UISupportedInterfaceOrientations_iPad = "UIInterfaceOrientationPortrait UIInterfaceOrientationPortraitUpsideDown UIInterfaceOrientationLandscapeLeft UIInterfaceOrientationLandscapeRight";
				INFOPLIST_KEY_UISupportedInterfaceOrientations_iPhone = "UIInterfaceOrientationPortrait UIInterfaceOrientationLandscapeLeft UIInterfaceOrientationLandscapeRight";
				LD_RUNPATH_SEARCH_PATHS = (
					"$(inherited)",
					"@executable_path/Frameworks",
				);
				MARKETING_VERSION = 1.0;
				PRODUCT_BUNDLE_IDENTIFIER = NSLyapustin.Example;
				PRODUCT_NAME = "$(TARGET_NAME)";
				SWIFT_EMIT_LOC_STRINGS = YES;
				SWIFT_VERSION = 5.0;
				TARGETED_DEVICE_FAMILY = "1,2";
			};
			name = Release;
		};
		63E360D229D5F0AE00A312C4 /* Debug */ = {
			isa = XCBuildConfiguration;
			buildSettings = {
				ALWAYS_EMBED_SWIFT_STANDARD_LIBRARIES = YES;
				BUNDLE_LOADER = "$(TEST_HOST)";
				CODE_SIGN_STYLE = Automatic;
				CURRENT_PROJECT_VERSION = 1;
				GENERATE_INFOPLIST_FILE = YES;
				IPHONEOS_DEPLOYMENT_TARGET = 16.2;
				MARKETING_VERSION = 1.0;
				PRODUCT_BUNDLE_IDENTIFIER = NSLyapustin.ExampleTests;
				PRODUCT_NAME = "$(TARGET_NAME)";
				SWIFT_EMIT_LOC_STRINGS = NO;
				SWIFT_VERSION = 5.0;
				TARGETED_DEVICE_FAMILY = "1,2";
				TEST_HOST = "$(BUILT_PRODUCTS_DIR)/Example.app/$(BUNDLE_EXECUTABLE_FOLDER_PATH)/Example";
			};
			name = Debug;
		};
		63E360D329D5F0AE00A312C4 /* Release */ = {
			isa = XCBuildConfiguration;
			buildSettings = {
				ALWAYS_EMBED_SWIFT_STANDARD_LIBRARIES = YES;
				BUNDLE_LOADER = "$(TEST_HOST)";
				CODE_SIGN_STYLE = Automatic;
				CURRENT_PROJECT_VERSION = 1;
				GENERATE_INFOPLIST_FILE = YES;
				IPHONEOS_DEPLOYMENT_TARGET = 16.2;
				MARKETING_VERSION = 1.0;
				PRODUCT_BUNDLE_IDENTIFIER = NSLyapustin.ExampleTests;
				PRODUCT_NAME = "$(TARGET_NAME)";
				SWIFT_EMIT_LOC_STRINGS = NO;
				SWIFT_VERSION = 5.0;
				TARGETED_DEVICE_FAMILY = "1,2";
				TEST_HOST = "$(BUILT_PRODUCTS_DIR)/Example.app/$(BUNDLE_EXECUTABLE_FOLDER_PATH)/Example";
			};
			name = Release;
		};
		63E360D529D5F0AE00A312C4 /* Debug */ = {
			isa = XCBuildConfiguration;
			buildSettings = {
				ALWAYS_EMBED_SWIFT_STANDARD_LIBRARIES = YES;
				CODE_SIGN_STYLE = Automatic;
				CURRENT_PROJECT_VERSION = 1;
				GENERATE_INFOPLIST_FILE = YES;
				MARKETING_VERSION = 1.0;
				PRODUCT_BUNDLE_IDENTIFIER = NSLyapustin.ExampleUITests;
				PRODUCT_NAME = "$(TARGET_NAME)";
				SWIFT_EMIT_LOC_STRINGS = NO;
				SWIFT_VERSION = 5.0;
				TARGETED_DEVICE_FAMILY = "1,2";
				TEST_TARGET_NAME = Example;
			};
			name = Debug;
		};
		63E360D629D5F0AE00A312C4 /* Release */ = {
			isa = XCBuildConfiguration;
			buildSettings = {
				ALWAYS_EMBED_SWIFT_STANDARD_LIBRARIES = YES;
				CODE_SIGN_STYLE = Automatic;
				CURRENT_PROJECT_VERSION = 1;
				GENERATE_INFOPLIST_FILE = YES;
				MARKETING_VERSION = 1.0;
				PRODUCT_BUNDLE_IDENTIFIER = NSLyapustin.ExampleUITests;
				PRODUCT_NAME = "$(TARGET_NAME)";
				SWIFT_EMIT_LOC_STRINGS = NO;
				SWIFT_VERSION = 5.0;
				TARGETED_DEVICE_FAMILY = "1,2";
				TEST_TARGET_NAME = Example;
			};
			name = Release;
		};
/* End XCBuildConfiguration section */

/* Begin XCConfigurationList section */
		63E3609C29D5F0AC00A312C4 /* Build configuration list for PBXProject "Example" */ = {
			isa = XCConfigurationList;
			buildConfigurations = (
				63E360CC29D5F0AE00A312C4 /* Debug */,
				63E360CD29D5F0AE00A312C4 /* Release */,
			);
			defaultConfigurationIsVisible = 0;
			defaultConfigurationName = Release;
		};
		63E360CE29D5F0AE00A312C4 /* Build configuration list for PBXNativeTarget "Example" */ = {
			isa = XCConfigurationList;
			buildConfigurations = (
				63E360CF29D5F0AE00A312C4 /* Debug */,
				63E360D029D5F0AE00A312C4 /* Release */,
			);
			defaultConfigurationIsVisible = 0;
			defaultConfigurationName = Release;
		};
		63E360D129D5F0AE00A312C4 /* Build configuration list for PBXNativeTarget "ExampleTests" */ = {
			isa = XCConfigurationList;
			buildConfigurations = (
				63E360D229D5F0AE00A312C4 /* Debug */,
				63E360D329D5F0AE00A312C4 /* Release */,
			);
			defaultConfigurationIsVisible = 0;
			defaultConfigurationName = Release;
		};
		63E360D429D5F0AE00A312C4 /* Build configuration list for PBXNativeTarget "ExampleUITests" */ = {
			isa = XCConfigurationList;
			buildConfigurations = (
				63E360D529D5F0AE00A312C4 /* Debug */,
				63E360D629D5F0AE00A312C4 /* Release */,
			);
			defaultConfigurationIsVisible = 0;
			defaultConfigurationName = Release;
		};
/* End XCConfigurationList section */

/* Begin XCVersionGroup section */
		63E360AD29D5F0AC00A312C4 /* Example.xcdatamodeld */ = {
			isa = XCVersionGroup;
			children = (
				63E360AE29D5F0AC00A312C4 /* Example.xcdatamodel */,
			);
			currentVersion = 63E360AE29D5F0AC00A312C4 /* Example.xcdatamodel */;
			path = Example.xcdatamodeld;
			sourceTree = "<group>";
			versionGroupType = wrapper.xcdatamodel;
		};
/* End XCVersionGroup section */
	};
	rootObject = 63E3609929D5F0AC00A312C4 /* Project object */;
}
